
Microsoft Visual Studio Solution File, Format Version 12.00
# Visual Studio Version 17
VisualStudioVersion = 17.5.33516.290
MinimumVisualStudioVersion = 10.0.40219.1
Project("{9A19103F-16F7-4668-BE54-9A1E7A4F7556}") = "WebApplication1", "WebApplication1\WebApplication1.csproj", "{DDC4BD83-5EDD-44F4-90C5-78D025D7C566}"
EndProject
Global
	GlobalSection(SolutionConfigurationPlatforms) = preSolution
		Debug|Any CPU = Debug|Any CPU
		Release|Any CPU = Release|Any CPU
	EndGlobalSection
	GlobalSection(ProjectConfigurationPlatforms) = postSolution
		{DDC4BD83-5EDD-44F4-90C5-78D025D7C566}.Debug|Any CPU.ActiveCfg = Debug|Any CPU
		{DDC4BD83-5EDD-44F4-90C5-78D025D7C566}.Debug|Any CPU.Build.0 = Debug|Any CPU
		{DDC4BD83-5EDD-44F4-90C5-78D025D7C566}.Release|Any CPU.ActiveCfg = Release|Any CPU
		{DDC4BD83-5EDD-44F4-90C5-78D025D7C566}.Release|Any CPU.Build.0 = Release|Any CPU
	EndGlobalSection
	GlobalSection(SolutionProperties) = preSolution
		HideSolutionNode = FALSE
	EndGlobalSection
	GlobalSection(ExtensibilityGlobals) = postSolution
		SolutionGuid = {2C58C9A2-9DD3-45B5-860C-3D5303D8BF09}
	EndGlobalSection
EndGlobal
